{
  "requires": true,
  "lockfileVersion": 1,
  "dependencies": {
    "hcal": {
      "version": "1.1.1",
      "resolved": "http://hcor-dev:4873/hcal/-/hcal-1.1.1.tgz",
      "integrity": "sha512-24JjzI61lsItXM3LeDO0sS9e3Nn8kQM4midSC8lr+n872+tre3WsxHs76zp44cD6JtgSnvU+cp+baRAnW7OUng==",
      "requires": {
        "tslib": "^1.9.0"
      }
    },
    "tslib": {
      "version": "1.9.3",
      "resolved": "http://hcor-dev:4873/tslib/-/tslib-1.9.3.tgz",
      "integrity": "sha512-4krF8scpejhaOgqzBEcGM7yDIEfi0/8+8zDRZhNZZ2kjmHJ4hv3zCbQWxoJGz1iw5U0Jl0nma13xzHXcncMavQ=="
    }
  }
}
